{
    "_readme": [
        "This file locks the dependencies of your project to a known state",
        "Read more about it at https://getcomposer.org/doc/01-basic-usage.md#installing-dependencies",
        "This file is @generated automatically"
    ],
    "content-hash": "65765e3d4a3ff635a6e505f2fa345fed",
    "packages": [
        {
            "name": "uhi67/envhelper",
            "version": "2.1.1",
            "source": {
                "type": "git",
                "url": "https://bitbucket.org/uhi67/envhelper.git",
                "reference": "9e80d2434979ed3ac0d510081926736f38ac6ea9"
            },
            "dist": {
                "type": "zip",
                "url": "https://bitbucket.org/uhi67/envhelper/get/9e80d2434979ed3ac0d510081926736f38ac6ea9.zip",
                "reference": "9e80d2434979ed3ac0d510081926736f38ac6ea9",
                "shasum": ""
            },
            "require": {
                "ext-mbstring": "*"
            },
            "type": "library",
            "autoload": {
                "psr-4": {
                    "uhi67\\envhelper\\": "src"
                }
            },
            "notification-url": "https://packagist.org/downloads/",
            "license": [
                "MIT"
            ],
            "authors": [
                {
                    "name": "uhi67",
                    "email": "uherkovich.peter@gmail.com"
                }
            ],
            "description": "Helper for environment variables",
            "homepage": "https://bitbucket.org/uhi67/envhelper",
            "support": {
                "source": "https://bitbucket.org/uhi67/envhelper/src/9e80d2434979ed3ac0d510081926736f38ac6ea9/?at=2.1.1"
            },
            "time": "2021-03-11T08:41:06+00:00"
        }
    ],
    "packages-dev": [],
    "aliases": [],
    "minimum-stability": "dev",
    "stability-flags": [],
    "prefer-stable": true,
    "prefer-lowest": false,
    "platform": {
        "php": ">=7.2",
        "ext-dom": "*",
        "ext-intl": "*",
        "ext-iconv": "*",
        "ext-json": "*",
        "ext-mbstring": "*",
        "ext-openssl": "*",
        "ext-pdo": "*",
        "ext-simplexml": "*"
    },
    "platform-dev": [],
    "plugin-api-version": "2.0.0"
}
