{
    "_readme": [
        "This file locks the dependencies of your project to a known state",
        "Read more about it at https://getcomposer.org/doc/01-basic-usage.md#installing-dependencies",
        "This file is @generated automatically"
    ],
    "content-hash": "7c4ba5a8b32db633775454ac76654b09",
    "packages": [
        {
            "name": "uhi67/envhelper",
            "version": "dev-master",
            "source": {
                "type": "git",
                "url": "https://bitbucket.org/uhi67/envhelper.git",
                "reference": "863c080c83993ed4a2256e8a0004ee0164edc7a1"
            },
            "dist": {
                "type": "zip",
                "url": "https://bitbucket.org/uhi67/envhelper/get/863c080c83993ed4a2256e8a0004ee0164edc7a1.zip",
                "reference": "863c080c83993ed4a2256e8a0004ee0164edc7a1",
                "shasum": ""
            },
            "require": {
                "ext-mbstring": "*"
            },
            "default-branch": true,
            "type": "library",
            "autoload": {
                "psr-4": {
                    "uhi67\\envhelper\\": "src"
                }
            },
            "notification-url": "https://packagist.org/downloads/",
            "license": [
                "MIT"
            ],
            "authors": [
                {
                    "name": "uhi67",
                    "email": "uherkovich.peter@gmail.com"
                }
            ],
            "description": "Helper for environment variables",
            "homepage": "https://bitbucket.org/uhi67/envhelper",
            "support": {
                "source": "https://bitbucket.org/uhi67/envhelper/src/863c080c83993ed4a2256e8a0004ee0164edc7a1/?at=master"
            },
            "time": "2021-04-09T09:46:25+00:00"
        }
    ],
    "packages-dev": [],
    "aliases": [],
    "minimum-stability": "dev",
    "stability-flags": {
        "uhi67/envhelper": 20
    },
    "prefer-stable": true,
    "prefer-lowest": false,
    "platform": {
        "php": ">=7.2",
        "ext-dom": "*",
        "ext-intl": "*",
        "ext-iconv": "*",
        "ext-json": "*",
        "ext-mbstring": "*",
        "ext-openssl": "*",
        "ext-pdo": "*",
        "ext-simplexml": "*"
    },
    "platform-dev": [],
    "plugin-api-version": "2.0.0"
}
